
Microsoft Visual Studio Solution File, Format Version 12.00
# Visual Studio Version 16
VisualStudioVersion = 16.0.31613.86
MinimumVisualStudioVersion = 10.0.40219.1
Project("{FAE04EC0-301F-11D3-BF4B-00C04F79EFBC}") = "EBMACH.Android", "EBMACH\EBMACH.Android\EBMACH.Android.csproj", "{A2D45B43-7042-4AF9-AE6C-6D68CEFF520A}"
EndProject
Project("{FAE04EC0-301F-11D3-BF4B-00C04F79EFBC}") = "EBMACH.iOS", "EBMACH\EBMACH.iOS\EBMACH.iOS.csproj", "{0053713B-92FE-4A9E-84A9-B0CA3E19811D}"
EndProject
Project("{FAE04EC0-301F-11D3-BF4B-00C04F79EFBC}") = "EBMACH", "EBMACH\EBMACH\EBMACH.csproj", "{1499A0BE-ACDA-4CB7-9686-3F213A4E9B47}"
EndProject
Global
	GlobalSection(SolutionConfigurationPlatforms) = preSolution
		Debug|Any CPU = Debug|Any CPU
		Debug|iPhone = Debug|iPhone
		Debug|iPhoneSimulator = Debug|iPhoneSimulator
		Release|Any CPU = Release|Any CPU
		Release|iPhone = Release|iPhone
		Release|iPhoneSimulator = Release|iPhoneSimulator
	EndGlobalSection
	GlobalSection(ProjectConfigurationPlatforms) = postSolution
		{A2D45B43-7042-4AF9-AE6C-6D68CEFF520A}.Debug|Any CPU.ActiveCfg = Debug|Any CPU
		{A2D45B43-7042-4AF9-AE6C-6D68CEFF520A}.Debug|Any CPU.Build.0 = Debug|Any CPU
		{A2D45B43-7042-4AF9-AE6C-6D68CEFF520A}.Debug|Any CPU.Deploy.0 = Debug|Any CPU
		{A2D45B43-7042-4AF9-AE6C-6D68CEFF520A}.Debug|iPhone.ActiveCfg = Debug|Any CPU
		{A2D45B43-7042-4AF9-AE6C-6D68CEFF520A}.Debug|iPhone.Build.0 = Debug|Any CPU
		{A2D45B43-7042-4AF9-AE6C-6D68CEFF520A}.Debug|iPhone.Deploy.0 = Debug|Any CPU
		{A2D45B43-7042-4AF9-AE6C-6D68CEFF520A}.Debug|iPhoneSimulator.ActiveCfg = Debug|Any CPU
		{A2D45B43-7042-4AF9-AE6C-6D68CEFF520A}.Debug|iPhoneSimulator.Build.0 = Debug|Any CPU
		{A2D45B43-7042-4AF9-AE6C-6D68CEFF520A}.Debug|iPhoneSimulator.Deploy.0 = Debug|Any CPU
		{A2D45B43-7042-4AF9-AE6C-6D68CEFF520A}.Release|Any CPU.ActiveCfg = Release|Any CPU
		{A2D45B43-7042-4AF9-AE6C-6D68CEFF520A}.Release|Any CPU.Build.0 = Release|Any CPU
		{A2D45B43-7042-4AF9-AE6C-6D68CEFF520A}.Release|Any CPU.Deploy.0 = Release|Any CPU
		{A2D45B43-7042-4AF9-AE6C-6D68CEFF520A}.Release|iPhone.ActiveCfg = Release|Any CPU
		{A2D45B43-7042-4AF9-AE6C-6D68CEFF520A}.Release|iPhone.Build.0 = Release|Any CPU
		{A2D45B43-7042-4AF9-AE6C-6D68CEFF520A}.Release|iPhone.Deploy.0 = Release|Any CPU
		{A2D45B43-7042-4AF9-AE6C-6D68CEFF520A}.Release|iPhoneSimulator.ActiveCfg = Release|Any CPU
		{A2D45B43-7042-4AF9-AE6C-6D68CEFF520A}.Release|iPhoneSimulator.Build.0 = Release|Any CPU
		{A2D45B43-7042-4AF9-AE6C-6D68CEFF520A}.Release|iPhoneSimulator.Deploy.0 = Release|Any CPU
		{0053713B-92FE-4A9E-84A9-B0CA3E19811D}.Debug|Any CPU.ActiveCfg = Debug|iPhone
		{0053713B-92FE-4A9E-84A9-B0CA3E19811D}.Debug|Any CPU.Build.0 = Debug|iPhone
		{0053713B-92FE-4A9E-84A9-B0CA3E19811D}.Debug|Any CPU.Deploy.0 = Debug|iPhone
		{0053713B-92FE-4A9E-84A9-B0CA3E19811D}.Debug|iPhone.ActiveCfg = Debug|iPhone
		{0053713B-92FE-4A9E-84A9-B0CA3E19811D}.Debug|iPhone.Build.0 = Debug|iPhone
		{0053713B-92FE-4A9E-84A9-B0CA3E19811D}.Debug|iPhone.Deploy.0 = Debug|iPhone
		{0053713B-92FE-4A9E-84A9-B0CA3E19811D}.Debug|iPhoneSimulator.ActiveCfg = Debug|iPhoneSimulator
		{0053713B-92FE-4A9E-84A9-B0CA3E19811D}.Debug|iPhoneSimulator.Build.0 = Debug|iPhoneSimulator
		{0053713B-92FE-4A9E-84A9-B0CA3E19811D}.Debug|iPhoneSimulator.Deploy.0 = Debug|iPhoneSimulator
		{0053713B-92FE-4A9E-84A9-B0CA3E19811D}.Release|Any CPU.ActiveCfg = Release|iPhoneSimulator
		{0053713B-92FE-4A9E-84A9-B0CA3E19811D}.Release|Any CPU.Build.0 = Release|iPhoneSimulator
		{0053713B-92FE-4A9E-84A9-B0CA3E19811D}.Release|Any CPU.Deploy.0 = Release|iPhoneSimulator
		{0053713B-92FE-4A9E-84A9-B0CA3E19811D}.Release|iPhone.ActiveCfg = Release|iPhone
		{0053713B-92FE-4A9E-84A9-B0CA3E19811D}.Release|iPhone.Build.0 = Release|iPhone
		{0053713B-92FE-4A9E-84A9-B0CA3E19811D}.Release|iPhone.Deploy.0 = Release|iPhone
		{0053713B-92FE-4A9E-84A9-B0CA3E19811D}.Release|iPhoneSimulator.ActiveCfg = Release|iPhoneSimulator
		{0053713B-92FE-4A9E-84A9-B0CA3E19811D}.Release|iPhoneSimulator.Build.0 = Release|iPhoneSimulator
		{0053713B-92FE-4A9E-84A9-B0CA3E19811D}.Release|iPhoneSimulator.Deploy.0 = Release|iPhoneSimulator
		{1499A0BE-ACDA-4CB7-9686-3F213A4E9B47}.Debug|Any CPU.ActiveCfg = Debug|Any CPU
		{1499A0BE-ACDA-4CB7-9686-3F213A4E9B47}.Debug|Any CPU.Build.0 = Debug|Any CPU
		{1499A0BE-ACDA-4CB7-9686-3F213A4E9B47}.Debug|Any CPU.Deploy.0 = Debug|Any CPU
		{1499A0BE-ACDA-4CB7-9686-3F213A4E9B47}.Debug|iPhone.ActiveCfg = Debug|Any CPU
		{1499A0BE-ACDA-4CB7-9686-3F213A4E9B47}.Debug|iPhone.Build.0 = Debug|Any CPU
		{1499A0BE-ACDA-4CB7-9686-3F213A4E9B47}.Debug|iPhone.Deploy.0 = Debug|Any CPU
		{1499A0BE-ACDA-4CB7-9686-3F213A4E9B47}.Debug|iPhoneSimulator.ActiveCfg = Debug|Any CPU
		{1499A0BE-ACDA-4CB7-9686-3F213A4E9B47}.Debug|iPhoneSimulator.Build.0 = Debug|Any CPU
		{1499A0BE-ACDA-4CB7-9686-3F213A4E9B47}.Debug|iPhoneSimulator.Deploy.0 = Debug|Any CPU
		{1499A0BE-ACDA-4CB7-9686-3F213A4E9B47}.Release|Any CPU.ActiveCfg = Release|Any CPU
		{1499A0BE-ACDA-4CB7-9686-3F213A4E9B47}.Release|Any CPU.Build.0 = Release|Any CPU
		{1499A0BE-ACDA-4CB7-9686-3F213A4E9B47}.Release|Any CPU.Deploy.0 = Release|Any CPU
		{1499A0BE-ACDA-4CB7-9686-3F213A4E9B47}.Release|iPhone.ActiveCfg = Release|Any CPU
		{1499A0BE-ACDA-4CB7-9686-3F213A4E9B47}.Release|iPhone.Build.0 = Release|Any CPU
		{1499A0BE-ACDA-4CB7-9686-3F213A4E9B47}.Release|iPhone.Deploy.0 = Release|Any CPU
		{1499A0BE-ACDA-4CB7-9686-3F213A4E9B47}.Release|iPhoneSimulator.ActiveCfg = Release|Any CPU
		{1499A0BE-ACDA-4CB7-9686-3F213A4E9B47}.Release|iPhoneSimulator.Build.0 = Release|Any CPU
		{1499A0BE-ACDA-4CB7-9686-3F213A4E9B47}.Release|iPhoneSimulator.Deploy.0 = Release|Any CPU
	EndGlobalSection
	GlobalSection(SolutionProperties) = preSolution
		HideSolutionNode = FALSE
	EndGlobalSection
	GlobalSection(ExtensibilityGlobals) = postSolution
		SolutionGuid = {35745397-2518-42F9-AFFB-7C9ABECC0D34}
	EndGlobalSection
EndGlobal
